// !$*UTF8*$!
{
	archiveVersion = 1;
	classes = {
	};
	objectVersion = 46;
	objects = {

/* Begin PBXBuildFile section */
		0115C01F1E2109D600021B1A /* AppDelegate.mm in Sources */ = {isa = PBXBuildFile; fileRef = 0115C01E1E2109D600021B1A /* AppDelegate.mm */; };
		0115C0221E2109D600021B1A /* main.m in Sources */ = {isa = PBXBuildFile; fileRef = 0115C0211E2109D600021B1A /* main.m */; };
		0115C0241E2109D600021B1A /* Assets.xcassets in Resources */ = {isa = PBXBuildFile; fileRef = 0115C0231E2109D600021B1A /* Assets.xcassets */; };
		0115C0271E2109D600021B1A /* MainMenu.xib in Resources */ = {isa = PBXBuildFile; fileRef = 0115C0251E2109D600021B1A /* MainMenu.xib */; };
		0115C03D1E210A1400021B1A /* AddressHelper.cpp in Sources */ = {isa = PBXBuildFile; fileRef = 0115C02F1E210A1400021B1A /* AddressHelper.cpp */; };
		0115C0401E210A1400021B1A /* Socket.cpp in Sources */ = {isa = PBXBuildFile; fileRef = 0115C0351E210A1400021B1A /* Socket.cpp */; };
		0152C90E1E252E9A00F41CBE /* DSObjcInterface.mm in Sources */ = {isa = PBXBuildFile; fileRef = 0152C90D1E252E9A00F41CBE /* DSObjcInterface.mm */; };
		01BB40631E226E90005B54EF /* TCPSocket.cpp in Sources */ = {isa = PBXBuildFile; fileRef = 01BB40611E226E90005B54EF /* TCPSocket.cpp */; };
		01BB40691E2275DC005B54EF /* UDPSocket.cpp in Sources */ = {isa = PBXBuildFile; fileRef = 01BB40671E2275DC005B54EF /* UDPSocket.cpp */; };
		B07141241E2CBA0900413C15 /* DataPacket.cpp in Sources */ = {isa = PBXBuildFile; fileRef = B07141221E2CBA0900413C15 /* DataPacket.cpp */; };
		B0D919B61E2C6B5C00DF2FD2 /* Data.cpp in Sources */ = {isa = PBXBuildFile; fileRef = B0D919B41E2C6B5C00DF2FD2 /* Data.cpp */; };
/* End PBXBuildFile section */

/* Begin PBXFileReference section */
		0115C01A1E2109D600021B1A /* DispatchSocketDemo.app */ = {isa = PBXFileReference; explicitFileType = wrapper.application; includeInIndex = 0; path = DispatchSocketDemo.app; sourceTree = BUILT_PRODUCTS_DIR; };
		0115C01D1E2109D600021B1A /* AppDelegate.h */ = {isa = PBXFileReference; lastKnownFileType = sourcecode.c.h; path = AppDelegate.h; sourceTree = "<group>"; };
		0115C01E1E2109D600021B1A /* AppDelegate.mm */ = {isa = PBXFileReference; lastKnownFileType = sourcecode.cpp.objcpp; path = AppDelegate.mm; sourceTree = "<group>"; };
		0115C0211E2109D600021B1A /* main.m */ = {isa = PBXFileReference; lastKnownFileType = sourcecode.c.objc; path = main.m; sourceTree = "<group>"; };
		0115C0231E2109D600021B1A /* Assets.xcassets */ = {isa = PBXFileReference; lastKnownFileType = folder.assetcatalog; path = Assets.xcassets; sourceTree = "<group>"; };
		0115C0261E2109D600021B1A /* Base */ = {isa = PBXFileReference; lastKnownFileType = file.xib; name = Base; path = Base.lproj/MainMenu.xib; sourceTree = "<group>"; };
		0115C0281E2109D600021B1A /* Info.plist */ = {isa = PBXFileReference; lastKnownFileType = text.plist.xml; path = Info.plist; sourceTree = "<group>"; };
		0115C02F1E210A1400021B1A /* AddressHelper.cpp */ = {isa = PBXFileReference; fileEncoding = 4; lastKnownFileType = sourcecode.cpp.cpp; name = AddressHelper.cpp; path = DispatchSocket/AddressHelper.cpp; sourceTree = "<group>"; };
		0115C0301E210A1400021B1A /* AddressHelper.hpp */ = {isa = PBXFileReference; fileEncoding = 4; lastKnownFileType = sourcecode.cpp.h; name = AddressHelper.hpp; path = DispatchSocket/AddressHelper.hpp; sourceTree = "<group>"; };
		0115C0351E210A1400021B1A /* Socket.cpp */ = {isa = PBXFileReference; fileEncoding = 4; lastKnownFileType = sourcecode.cpp.cpp; name = Socket.cpp; path = DispatchSocket/Socket.cpp; sourceTree = "<group>"; };
		0115C0361E210A1400021B1A /* Socket.hpp */ = {isa = PBXFileReference; fileEncoding = 4; lastKnownFileType = sourcecode.cpp.h; name = Socket.hpp; path = DispatchSocket/Socket.hpp; sourceTree = "<group>"; };
		0152C90B1E252C2200F41CBE /* DispatchSocket.h */ = {isa = PBXFileReference; lastKnownFileType = sourcecode.c.h; name = DispatchSocket.h; path = DispatchSocket/DispatchSocket.h; sourceTree = "<group>"; };
		0152C90C1E252E9A00F41CBE /* DSObjcInterface.h */ = {isa = PBXFileReference; fileEncoding = 4; lastKnownFileType = sourcecode.c.h; name = DSObjcInterface.h; path = DispatchSocket/DSObjcInterface.h; sourceTree = "<group>"; };
		0152C90D1E252E9A00F41CBE /* DSObjcInterface.mm */ = {isa = PBXFileReference; fileEncoding = 4; lastKnownFileType = sourcecode.cpp.objcpp; name = DSObjcInterface.mm; path = DispatchSocket/DSObjcInterface.mm; sourceTree = "<group>"; };
		01BB40611E226E90005B54EF /* TCPSocket.cpp */ = {isa = PBXFileReference; fileEncoding = 4; lastKnownFileType = sourcecode.cpp.cpp; name = TCPSocket.cpp; path = DispatchSocket/TCPSocket.cpp; sourceTree = "<group>"; };
		01BB40621E226E90005B54EF /* TCPSocket.hpp */ = {isa = PBXFileReference; fileEncoding = 4; lastKnownFileType = sourcecode.cpp.h; name = TCPSocket.hpp; path = DispatchSocket/TCPSocket.hpp; sourceTree = "<group>"; };
		01BB40671E2275DC005B54EF /* UDPSocket.cpp */ = {isa = PBXFileReference; fileEncoding = 4; lastKnownFileType = sourcecode.cpp.cpp; name = UDPSocket.cpp; path = DispatchSocket/UDPSocket.cpp; sourceTree = "<group>"; };
		01BB40681E2275DC005B54EF /* UDPSocket.hpp */ = {isa = PBXFileReference; fileEncoding = 4; lastKnownFileType = sourcecode.cpp.h; name = UDPSocket.hpp; path = DispatchSocket/UDPSocket.hpp; sourceTree = "<group>"; };
		B07141221E2CBA0900413C15 /* DataPacket.cpp */ = {isa = PBXFileReference; fileEncoding = 4; lastKnownFileType = sourcecode.cpp.cpp; name = DataPacket.cpp; path = DispatchSocket/DataPacket.cpp; sourceTree = "<group>"; };
		B07141231E2CBA0900413C15 /* DataPacket.hpp */ = {isa = PBXFileReference; fileEncoding = 4; lastKnownFileType = sourcecode.cpp.h; name = DataPacket.hpp; path = DispatchSocket/DataPacket.hpp; sourceTree = "<group>"; };
		B0D919B41E2C6B5C00DF2FD2 /* Data.cpp */ = {isa = PBXFileReference; fileEncoding = 4; lastKnownFileType = sourcecode.cpp.cpp; name = Data.cpp; path = DispatchSocket/Data.cpp; sourceTree = "<group>"; };
		B0D919B51E2C6B5C00DF2FD2 /* Data.hpp */ = {isa = PBXFileReference; fileEncoding = 4; lastKnownFileType = sourcecode.cpp.h; name = Data.hpp; path = DispatchSocket/Data.hpp; sourceTree = "<group>"; };
/* End PBXFileReference section */

/* Begin PBXFrameworksBuildPhase section */
		0115C0171E2109D600021B1A /* Frameworks */ = {
			isa = PBXFrameworksBuildPhase;
			buildActionMask = 2147483647;
			files = (
			);
			runOnlyForDeploymentPostprocessing = 0;
		};
/* End PBXFrameworksBuildPhase section */

/* Begin PBXGroup section */
		0115C0111E2109D600021B1A = {
			isa = PBXGroup;
			children = (
				0115C02E1E210A0700021B1A /* DispatchSocket */,
				0115C01C1E2109D600021B1A /* DispatchSocketDemo */,
				0115C01B1E2109D600021B1A /* Products */,
			);
			sourceTree = "<group>";
		};
		0115C01B1E2109D600021B1A /* Products */ = {
			isa = PBXGroup;
			children = (
				0115C01A1E2109D600021B1A /* DispatchSocketDemo.app */,
			);
			name = Products;
			sourceTree = "<group>";
		};
		0115C01C1E2109D600021B1A /* DispatchSocketDemo */ = {
			isa = PBXGroup;
			children = (
				0115C01D1E2109D600021B1A /* AppDelegate.h */,
				0115C01E1E2109D600021B1A /* AppDelegate.mm */,
				0115C0201E2109D600021B1A /* Supporting Files */,
			);
			path = DispatchSocketDemo;
			sourceTree = "<group>";
		};
		0115C0201E2109D600021B1A /* Supporting Files */ = {
			isa = PBXGroup;
			children = (
				0115C0231E2109D600021B1A /* Assets.xcassets */,
				0115C0251E2109D600021B1A /* MainMenu.xib */,
				0115C0281E2109D600021B1A /* Info.plist */,
				0115C0211E2109D600021B1A /* main.m */,
			);
			name = "Supporting Files";
			sourceTree = "<group>";
		};
		0115C02E1E210A0700021B1A /* DispatchSocket */ = {
			isa = PBXGroup;
			children = (
				0152C90B1E252C2200F41CBE /* DispatchSocket.h */,
				0152C90C1E252E9A00F41CBE /* DSObjcInterface.h */,
				0152C90D1E252E9A00F41CBE /* DSObjcInterface.mm */,
				0115C0881E211D1E00021B1A /* Core */,
			);
			name = DispatchSocket;
			sourceTree = "<group>";
		};
		0115C0881E211D1E00021B1A /* Core */ = {
			isa = PBXGroup;
			children = (
				0152C90F1E252F4B00F41CBE /* Socket */,
				0152C9101E252F6200F41CBE /* Encode&Decoder */,
			);
			name = Core;
			sourceTree = "<group>";
		};
		0152C90F1E252F4B00F41CBE /* Socket */ = {
			isa = PBXGroup;
			children = (
				01BB40611E226E90005B54EF /* TCPSocket.cpp */,
				01BB40621E226E90005B54EF /* TCPSocket.hpp */,
				01BB40671E2275DC005B54EF /* UDPSocket.cpp */,
				01BB40681E2275DC005B54EF /* UDPSocket.hpp */,
				0115C0351E210A1400021B1A /* Socket.cpp */,
				0115C0361E210A1400021B1A /* Socket.hpp */,
				0115C02F1E210A1400021B1A /* AddressHelper.cpp */,
				0115C0301E210A1400021B1A /* AddressHelper.hpp */,
			);
			name = Socket;
			sourceTree = "<group>";
		};
		0152C9101E252F6200F41CBE /* Encode&Decoder */ = {
			isa = PBXGroup;
			children = (
				B0D919B41E2C6B5C00DF2FD2 /* Data.cpp */,
				B0D919B51E2C6B5C00DF2FD2 /* Data.hpp */,
				B07141221E2CBA0900413C15 /* DataPacket.cpp */,
				B07141231E2CBA0900413C15 /* DataPacket.hpp */,
			);
			name = "Encode&Decoder";
			sourceTree = "<group>";
		};
/* End PBXGroup section */

/* Begin PBXNativeTarget section */
		0115C0191E2109D600021B1A /* DispatchSocketDemo */ = {
			isa = PBXNativeTarget;
			buildConfigurationList = 0115C02B1E2109D600021B1A /* Build configuration list for PBXNativeTarget "DispatchSocketDemo" */;
			buildPhases = (
				0115C0161E2109D600021B1A /* Sources */,
				0115C0171E2109D600021B1A /* Frameworks */,
				0115C0181E2109D600021B1A /* Resources */,
			);
			buildRules = (
			);
			dependencies = (
			);
			name = DispatchSocketDemo;
			productName = DispatchSocketDemo;
			productReference = 0115C01A1E2109D600021B1A /* DispatchSocketDemo.app */;
			productType = "com.apple.product-type.application";
		};
/* End PBXNativeTarget section */

/* Begin PBXProject section */
		0115C0121E2109D600021B1A /* Project object */ = {
			isa = PBXProject;
			attributes = {
				LastUpgradeCheck = 0810;
				ORGANIZATIONNAME = WayneInc;
				TargetAttributes = {
					0115C0191E2109D600021B1A = {
						CreatedOnToolsVersion = 8.1;
						DevelopmentTeam = N29J3PPND9;
						ProvisioningStyle = Automatic;
					};
				};
			};
			buildConfigurationList = 0115C0151E2109D600021B1A /* Build configuration list for PBXProject "DispatchSocketDemo" */;
			compatibilityVersion = "Xcode 3.2";
			developmentRegion = English;
			hasScannedForEncodings = 0;
			knownRegions = (
				en,
				Base,
			);
			mainGroup = 0115C0111E2109D600021B1A;
			productRefGroup = 0115C01B1E2109D600021B1A /* Products */;
			projectDirPath = "";
			projectRoot = "";
			targets = (
				0115C0191E2109D600021B1A /* DispatchSocketDemo */,
			);
		};
/* End PBXProject section */

/* Begin PBXResourcesBuildPhase section */
		0115C0181E2109D600021B1A /* Resources */ = {
			isa = PBXResourcesBuildPhase;
			buildActionMask = 2147483647;
			files = (
				0115C0241E2109D600021B1A /* Assets.xcassets in Resources */,
				0115C0271E2109D600021B1A /* MainMenu.xib in Resources */,
			);
			runOnlyForDeploymentPostprocessing = 0;
		};
/* End PBXResourcesBuildPhase section */

/* Begin PBXSourcesBuildPhase section */
		0115C0161E2109D600021B1A /* Sources */ = {
			isa = PBXSourcesBuildPhase;
			buildActionMask = 2147483647;
			files = (
				B07141241E2CBA0900413C15 /* DataPacket.cpp in Sources */,
				0152C90E1E252E9A00F41CBE /* DSObjcInterface.mm in Sources */,
				01BB40691E2275DC005B54EF /* UDPSocket.cpp in Sources */,
				0115C03D1E210A1400021B1A /* AddressHelper.cpp in Sources */,
				B0D919B61E2C6B5C00DF2FD2 /* Data.cpp in Sources */,
				0115C0221E2109D600021B1A /* main.m in Sources */,
				01BB40631E226E90005B54EF /* TCPSocket.cpp in Sources */,
				0115C0401E210A1400021B1A /* Socket.cpp in Sources */,
				0115C01F1E2109D600021B1A /* AppDelegate.mm in Sources */,
			);
			runOnlyForDeploymentPostprocessing = 0;
		};
/* End PBXSourcesBuildPhase section */

/* Begin PBXVariantGroup section */
		0115C0251E2109D600021B1A /* MainMenu.xib */ = {
			isa = PBXVariantGroup;
			children = (
				0115C0261E2109D600021B1A /* Base */,
			);
			name = MainMenu.xib;
			sourceTree = "<group>";
		};
/* End PBXVariantGroup section */

/* Begin XCBuildConfiguration section */
		0115C0291E2109D600021B1A /* Debug */ = {
			isa = XCBuildConfiguration;
			buildSettings = {
				ALWAYS_SEARCH_USER_PATHS = NO;
				CLANG_ANALYZER_NONNULL = YES;
				CLANG_CXX_LANGUAGE_STANDARD = "gnu++0x";
				CLANG_CXX_LIBRARY = "libc++";
				CLANG_ENABLE_MODULES = YES;
				CLANG_ENABLE_OBJC_ARC = YES;
				CLANG_WARN_BOOL_CONVERSION = YES;
				CLANG_WARN_CONSTANT_CONVERSION = YES;
				CLANG_WARN_DIRECT_OBJC_ISA_USAGE = YES_ERROR;
				CLANG_WARN_DOCUMENTATION_COMMENTS = YES;
				CLANG_WARN_EMPTY_BODY = YES;
				CLANG_WARN_ENUM_CONVERSION = YES;
				CLANG_WARN_INFINITE_RECURSION = YES;
				CLANG_WARN_INT_CONVERSION = YES;
				CLANG_WARN_OBJC_ROOT_CLASS = YES_ERROR;
				CLANG_WARN_SUSPICIOUS_MOVES = YES;
				CLANG_WARN_UNREACHABLE_CODE = YES;
				CLANG_WARN__DUPLICATE_METHOD_MATCH = YES;
				CODE_SIGN_IDENTITY = "-";
				COPY_PHASE_STRIP = NO;
				DEBUG_INFORMATION_FORMAT = dwarf;
				ENABLE_STRICT_OBJC_MSGSEND = YES;
				ENABLE_TESTABILITY = YES;
				GCC_C_LANGUAGE_STANDARD = gnu99;
				GCC_DYNAMIC_NO_PIC = NO;
				GCC_NO_COMMON_BLOCKS = YES;
				GCC_OPTIMIZATION_LEVEL = 0;
				GCC_PREPROCESSOR_DEFINITIONS = (
					"DEBUG=1",
					"$(inherited)",
				);
				GCC_WARN_64_TO_32_BIT_CONVERSION = YES;
				GCC_WARN_ABOUT_RETURN_TYPE = YES_ERROR;
				GCC_WARN_UNDECLARED_SELECTOR = YES;
				GCC_WARN_UNINITIALIZED_AUTOS = YES_AGGRESSIVE;
				GCC_WARN_UNUSED_FUNCTION = YES;
				GCC_WARN_UNUSED_VARIABLE = YES;
				MACOSX_DEPLOYMENT_TARGET = 10.12;
				MTL_ENABLE_DEBUG_INFO = YES;
				ONLY_ACTIVE_ARCH = YES;
				SDKROOT = macosx;
			};
			name = Debug;
		};
		0115C02A1E2109D600021B1A /* Release */ = {
			isa = XCBuildConfiguration;
			buildSettings = {
				ALWAYS_SEARCH_USER_PATHS = NO;
				CLANG_ANALYZER_NONNULL = YES;
				CLANG_CXX_LANGUAGE_STANDARD = "gnu++0x";
				CLANG_CXX_LIBRARY = "libc++";
				CLANG_ENABLE_MODULES = YES;
				CLANG_ENABLE_OBJC_ARC = YES;
				CLANG_WARN_BOOL_CONVERSION = YES;
				CLANG_WARN_CONSTANT_CONVERSION = YES;
				CLANG_WARN_DIRECT_OBJC_ISA_USAGE = YES_ERROR;
				CLANG_WARN_DOCUMENTATION_COMMENTS = YES;
				CLANG_WARN_EMPTY_BODY = YES;
				CLANG_WARN_ENUM_CONVERSION = YES;
				CLANG_WARN_INFINITE_RECURSION = YES;
				CLANG_WARN_INT_CONVERSION = YES;
				CLANG_WARN_OBJC_ROOT_CLASS = YES_ERROR;
				CLANG_WARN_SUSPICIOUS_MOVES = YES;
				CLANG_WARN_UNREACHABLE_CODE = YES;
				CLANG_WARN__DUPLICATE_METHOD_MATCH = YES;
				CODE_SIGN_IDENTITY = "-";
				COPY_PHASE_STRIP = NO;
				DEBUG_INFORMATION_FORMAT = "dwarf-with-dsym";
				ENABLE_NS_ASSERTIONS = NO;
				ENABLE_STRICT_OBJC_MSGSEND = YES;
				GCC_C_LANGUAGE_STANDARD = gnu99;
				GCC_NO_COMMON_BLOCKS = YES;
				GCC_WARN_64_TO_32_BIT_CONVERSION = YES;
				GCC_WARN_ABOUT_RETURN_TYPE = YES_ERROR;
				GCC_WARN_UNDECLARED_SELECTOR = YES;
				GCC_WARN_UNINITIALIZED_AUTOS = YES_AGGRESSIVE;
				GCC_WARN_UNUSED_FUNCTION = YES;
				GCC_WARN_UNUSED_VARIABLE = YES;
				MACOSX_DEPLOYMENT_TARGET = 10.12;
				MTL_ENABLE_DEBUG_INFO = NO;
				SDKROOT = macosx;
			};
			name = Release;
		};
		0115C02C1E2109D600021B1A /* Debug */ = {
			isa = XCBuildConfiguration;
			buildSettings = {
				ASSETCATALOG_COMPILER_APPICON_NAME = AppIcon;
				COMBINE_HIDPI_IMAGES = YES;
				DEVELOPMENT_TEAM = N29J3PPND9;
				INFOPLIST_FILE = DispatchSocketDemo/Info.plist;
				LD_RUNPATH_SEARCH_PATHS = "$(inherited) @executable_path/../Frameworks";
				MACOSX_DEPLOYMENT_TARGET = 10.10;
				PRODUCT_BUNDLE_IDENTIFIER = com.WayneInc.DispatchSocketDemo;
				PRODUCT_NAME = "$(TARGET_NAME)";
			};
			name = Debug;
		};
		0115C02D1E2109D600021B1A /* Release */ = {
			isa = XCBuildConfiguration;
			buildSettings = {
				ASSETCATALOG_COMPILER_APPICON_NAME = AppIcon;
				COMBINE_HIDPI_IMAGES = YES;
				DEVELOPMENT_TEAM = N29J3PPND9;
				INFOPLIST_FILE = DispatchSocketDemo/Info.plist;
				LD_RUNPATH_SEARCH_PATHS = "$(inherited) @executable_path/../Frameworks";
				MACOSX_DEPLOYMENT_TARGET = 10.10;
				PRODUCT_BUNDLE_IDENTIFIER = com.WayneInc.DispatchSocketDemo;
				PRODUCT_NAME = "$(TARGET_NAME)";
			};
			name = Release;
		};
/* End XCBuildConfiguration section */

/* Begin XCConfigurationList section */
		0115C0151E2109D600021B1A /* Build configuration list for PBXProject "DispatchSocketDemo" */ = {
			isa = XCConfigurationList;
			buildConfigurations = (
				0115C0291E2109D600021B1A /* Debug */,
				0115C02A1E2109D600021B1A /* Release */,
			);
			defaultConfigurationIsVisible = 0;
			defaultConfigurationName = Release;
		};
		0115C02B1E2109D600021B1A /* Build configuration list for PBXNativeTarget "DispatchSocketDemo" */ = {
			isa = XCConfigurationList;
			buildConfigurations = (
				0115C02C1E2109D600021B1A /* Debug */,
				0115C02D1E2109D600021B1A /* Release */,
			);
			defaultConfigurationIsVisible = 0;
			defaultConfigurationName = Release;
		};
/* End XCConfigurationList section */
	};
	rootObject = 0115C0121E2109D600021B1A /* Project object */;
}
